name: 
channels:
  - bioconda
  - conda-forge
dependencies:
  - _openmp_mutex=4.5=20_gnu
  - _r-mutex=1.0.1=anacondar_1
  - argcomplete=3.7.2=pyhcf101f3_0
  - aws-c-auth=0.10.4=h4610da3_2
  - aws-c-cal=0.9.15=h6bbde05_1
  - aws-c-common=0.14.3=hb03c661_0
  - aws-c-compression=0.3.2=h01ee8f8_5
  - aws-c-http=0.11.0=hbe094ff_5
  - aws-c-io=0.27.5=h4f381ba_1
  - aws-c-s3=0.13.1=h7508075_1
  - aws-c-sdkutils=0.2.7=h01ee8f8_3
  - aws-checksums=0.2.10=h01ee8f8_5
  - binutils_impl_linux-64=2.46.1=default_hfdba357_102
  - binutils_linux-64=2.46.1=default_h4852527_102
  - bioconductor-assorthead=1.0.0=r44hdfd78af_0
  - bioconductor-beachmat=2.22.0=r44he5774e6_1
  - bioconductor-biobase=2.66.0=r44h3df3fcb_0
  - bioconductor-biocgenerics=0.52.0=r44hdfd78af_3
  - bioconductor-biocneighbors=2.0.0=r44he5774e6_1
  - bioconductor-biocparallel=1.40.0=r44he5774e6_1
  - bioconductor-complexheatmap=2.22.0=r44hdfd78af_0
  - bioconductor-data-packages=20260207=hdfd78af_1
  - bioconductor-delayedarray=0.32.0=r44h3df3fcb_1
  - bioconductor-delayedmatrixstats=1.28.0=r44hdfd78af_0
  - bioconductor-genomeinfodb=1.42.0=r44hdfd78af_2
  - bioconductor-genomeinfodbdata=1.2.13=r44hdfd78af_0
  - bioconductor-genomicranges=1.58.0=r44h3df3fcb_2
  - bioconductor-glmgampoi=1.18.0=r44he5774e6_2
  - bioconductor-hdf5array=1.34.0=r44h15a9599_1
  - bioconductor-iranges=2.40.0=r44h3df3fcb_2
  - bioconductor-matrixgenerics=1.18.0=r44hdfd78af_0
  - bioconductor-rhdf5=2.50.0=r44h77050f0_1
  - bioconductor-rhdf5filters=1.18.0=r44h77050f0_1
  - bioconductor-rhdf5lib=1.28.0=r44h15a9599_0
  - bioconductor-s4arrays=1.6.0=r44h3df3fcb_1
  - bioconductor-s4vectors=0.44.0=r44h3df3fcb_2
  - bioconductor-singlecellexperiment=1.28.0=r44hdfd78af_0
  - bioconductor-sparsearray=1.6.0=r44h3df3fcb_1
  - bioconductor-sparsematrixstats=1.18.0=r44he5774e6_1
  - bioconductor-summarizedexperiment=1.36.0=r44hdfd78af_0
  - bioconductor-ucell=2.10.1=r44hdfd78af_0
  - bioconductor-ucsc.utils=1.2.0=r44h9ee0642_1
  - bioconductor-xvector=0.46.0=r44h15a9599_2
  - bioconductor-zlibbioc=1.52.0=r44h3df3fcb_2
  - blosc=1.21.6=he440d0b_1
  - bwidget=1.10.1=hfc2019e_3
  - bzip2=1.0.8=hda65f42_10
  - c-ares=1.34.8=hebe6cf0_2
  - ca-certificates=2026.7.22=hbd8a1cb_0
  - cairo=1.18.6=h3c89d7e_0
  - curl=8.22.0=ha042cf0_0
  - font-ttf-dejavu-sans-mono=2.37=hab24e00_0
  - font-ttf-inconsolata=3.000=h77eed37_0
  - font-ttf-source-code-pro=2.038=h77eed37_0
  - font-ttf-ubuntu=0.83=h77eed37_3
  - fontconfig=2.18.3=h4db4eae_1
  - fonts-conda-ecosystem=1=0
  - fonts-conda-forge=1=hc364b38_1
  - freexl=2.0.0=h1f12c17_3
  - fribidi=1.0.17=h7cc23a3_0
  - gcc_impl_linux-64=16.2.0=h9891192_7
  - gcc_linux-64=16.2.0=h0ab548f_2
  - geos=3.14.1=h55b0958_0
  - gfortran_impl_linux-64=16.2.0=hf930d89_7
  - giflib=6.1.3=hebe6cf0_2
  - glpk=5.0=h445213a_0
  - gmp=6.3.0=hfd2156b_3
  - graphite2=1.3.15=h54a6638_1
  - gsl=2.7=he838d99_0
  - gxx_impl_linux-64=16.2.0=h0d273dc_7
  - gxx_linux-64=16.2.0=h23aca61_2
  - hdf5=2.2.0=nompi_hc529623_100
  - icu=78.3=py310h44b86e0_2
  - jq=1.8.2=h280c20c_1
  - json-c=0.18=hebe6cf0_2
  - kernel-headers_linux-64=6.12.0=he073ed8_6
  - keyutils=1.6.3=h7cc23a3_1
  - krb5=1.22.2=hbc21106_2
  - ld_impl_linux-64=2.46.1=default_hbd61a6d_102
  - lerc=4.2.0=hdb68285_0
  - libabseil=20260526.0=cxx17_h0dc7533_2
  - libaec=1.1.5=h088129d_0
  - libarchive=3.8.9=gpl_h3152399_101
  - libblas=3.11.0=11_h4a7cf45_openblas
  - libbrotlicommon=1.2.0=h39a168f_4
  - libbrotlidec=1.2.0=ha411449_4
  - libbrotlienc=1.2.0=h018ffa1_4
  - libcblas=3.11.0=11_h0358290_openblas
  - libcurl=8.22.0=ha042cf0_0
  - libdeflate=1.25=hd45a770_1
  - libedit=3.1.20250104=pl5321h373387f_1
  - libev=4.33=h280c20c_3
  - libexpat=2.8.5=hd2095e1_0
  - libffi=3.7.0=h81df57d_1
  - libfreetype=2.14.3=ha770c72_2
  - libfreetype6=2.14.3=h5e6c136_2
  - libgcc=16.2.0=ha9f2e26_7
  - libgcc-devel_linux-64=16.2.0=he3ce08f_107
  - libgcc-ng=16.2.0=h69a702a_7
  - libgdal-core=3.13.3=h7fa801c_2
  - libgfortran=16.2.0=h69a702a_7
  - libgfortran5=16.2.0=h6b99dfc_7
  - libglib=2.90.0=h569388d_0
  - libgomp=16.2.0=he0feb66_7
  - libharfbuzz=14.5.0=h23af247_0
  - libhwy=1.4.0=h57c4cff_1
  - libiconv=1.18=h0cb94f2_3
  - libjpeg-turbo=3.2.0=hb03c661_1
  - libjxl=0.12.0=heb2dce7_2
  - libkml=1.3.0=haa4a5bd_1023
  - liblapack=3.11.0=11_h47877c9_openblas
  - liblzma=5.8.3=hb03c661_1
  - libmpdec=4.0.0=hb03c661_2
  - libnghttp2=1.68.1=h74cf4be_1
  - libnsl=2.0.1=hb9d3cd8_1
  - libopenblas=0.3.34=pthreads_hf13c14d_2
  - libpng=1.6.58=h922cc85_1
  - libpsl=0.23.1=hd9e3e90_1
  - libpython=3.14.7=hdc7f604_106_cp314
  - librttopo=1.1.0=h55b0958_21
  - libsanitizer=16.2.0=h3048135_7
  - libspatialite=5.1.0=gpl_h2988700_122
  - libsqlite=3.53.4=h13e7031_1
  - libssh2=1.11.1=h6154650_1
  - libstdcxx=16.2.0=h934c35e_7
  - libstdcxx-devel_linux-64=16.2.0=h86e191b_107
  - libstdcxx-ng=16.2.0=hdf11a46_7
  - libtiff=4.7.2=hcc2c06a_1
  - libudunits2=2.2.28=h40f5838_3
  - libuuid=2.42.4=hcfc3c73_0
  - libuv=1.52.1=h280c20c_1
  - libwebp-base=1.6.0=hd42ef1d_1
  - libxcb=1.17.0=hb83e432_2
  - libxml2=2.15.4=h7df9aa5_0
  - libxml2-16=2.15.4=hf3af7cc_0
  - libxml2-devel=2.15.4=h7df9aa5_0
  - libzlib=1.3.2=h25fd6f3_3
  - lz4-c=1.10.0=hee9eb32_2
  - lzo=2.10=hebe6cf0_1003
  - make=4.4.1=hb03c661_3
  - minizip=4.2.2=haac24f3_1
  - muparser=2.3.5=hee9eb32_1
  - ncurses=6.6=hdb14827_1
  - nlopt=2.11.0=np2py314h813eab2_2
  - numpy=2.5.3=py314hd3a7d6b_0
  - oniguruma=6.9.10=hebe6cf0_1
  - openssl=3.6.4=h781a0a9_0
  - pandoc=3.11=ha770c72_0
  - pango=1.58.2=h7bb47b9_1
  - pcre2=10.47=h8b3dc9c_1
  - pixman=0.46.4=h54a6638_3
  - proj=9.9.0=h3767062_0
  - pthread-stubs=0.4=h7cc23a3_1004
  - python=3.14.7=hcd007b5_106_cp314
  - python_abi=3.14=9_cp314
  - pyyaml=6.0.3=py314h67df5f8_1
  - r-abind=1.4_8=r44hc72bb7e_1
  - r-ade4=1.7_24=r44h3704496_0
  - r-adegenet=2.1.11=r44h54b55ab_2
  - r-adegraphics=1.0_22=r44hc72bb7e_1
  - r-adephylo=1.1_17=r44h54b55ab_1
  - r-adespatial=0.3_29=r44h11cdb10_0
  - r-ape=5.8_1=r44h3704496_2
  - r-askpass=1.2.1=r44h54b55ab_1
  - r-assertthat=0.2.1=r44hc72bb7e_6
  - r-base=4.4.3=h502d0c9_11
  - r-base64enc=0.1_6=r44h54b55ab_0
  - r-bh=1.87.0_1=r44hc72bb7e_1
  - r-bit=4.6.0=r44h54b55ab_1
  - r-bit64=4.8.6=r44hddc5280_0
  - r-bitops=1.1_0=r44h54b55ab_0
  - r-boot=1.3_32=r44hc72bb7e_1
  - r-bslib=0.12.0=r44hc72bb7e_0
  - r-cachem=1.1.0=r44h54b55ab_2
  - r-catools=1.18.4=r44h3697838_0
  - r-circlize=0.4.18=r44hc72bb7e_0
  - r-class=7.3_24=r44h54b55ab_0
  - r-classint=0.4_11=r44heaba542_1
  - r-cli=3.6.6=r44h3697838_0
  - r-clue=0.3_68=r44h54b55ab_0
  - r-cluster=2.1.8.3=r44heaba542_0
  - r-codetools=0.2_20=r44hc72bb7e_2
  - r-colorspace=2.1_3=r44h54b55ab_0
  - r-commonmark=2.0.0=r44h54b55ab_1
  - r-cowplot=1.2.0=r44hc72bb7e_2
  - r-cpp11=0.5.5=r44h785f33e_0
  - r-crayon=1.5.3=r44hc72bb7e_2
  - r-crosstalk=1.2.2=r44hc72bb7e_1
  - r-curl=8.0.0=r44h444973c_0
  - r-data.table=1.18.6.1=r44hbd9402d_0
  - r-dbi=1.3.0=r44hc72bb7e_0
  - r-deldir=2.0_4=r44heaba542_2
  - r-digest=0.6.39=r44h3697838_0
  - r-doparallel=1.0.17=r44hc72bb7e_4
  - r-dotcall64=1.2=r44heaba542_1
  - r-dplyr=1.2.1=r44h3697838_0
  - r-dqrng=0.3.2=r44h3697838_2
  - r-e1071=1.7_17=r44h3697838_0
  - r-ellipsis=0.3.3=r44h54b55ab_0
  - r-evaluate=1.0.5=r44hc72bb7e_1
  - r-fansi=1.0.7=r44h54b55ab_0
  - r-farver=2.1.2=r44h3697838_2
  - r-fastdummies=1.7.6=r44hc72bb7e_0
  - r-fastmap=1.2.0=r44h3697838_2
  - r-fastmatrix=0.6_6=r44h11cdb10_0
  - r-fitdistrplus=1.2_6=r44hc72bb7e_0
  - r-fnn=1.1.4.1=r44h3697838_2
  - r-fontawesome=0.5.3=r44hc72bb7e_1
  - r-foreach=1.5.2=r44hc72bb7e_4
  - r-formatr=1.14=r44hc72bb7e_3
  - r-fs=2.1.0=r44h3697838_0
  - r-futile.logger=1.4.9=r44hc72bb7e_0
  - r-futile.options=1.0.1=r44hc72bb7e_1006
  - r-future=1.76.0=r44hacb3a79_0
  - r-future.apply=1.20.2=r44hc72bb7e_0
  - r-gbrd=0.4.12=r44hc72bb7e_2
  - r-generics=0.1.4=r44hc72bb7e_1
  - r-getoptlong=1.1.1=r44hc72bb7e_0
  - r-ggplot2=4.0.3=r44h785f33e_0
  - r-ggrepel=0.9.8=r44h3697838_0
  - r-ggridges=0.5.7=r44hc72bb7e_1
  - r-globaloptions=0.1.4=r44ha770c72_0
  - r-globals=0.19.1=r44hc72bb7e_0
  - r-glue=1.8.1=r44h54b55ab_0
  - r-goftest=1.2_3=r44h54b55ab_4
  - r-gplots=3.3.0=r44hc72bb7e_0
  - r-gridextra=2.3.1=r44hc72bb7e_0
  - r-gtable=0.3.6=r44hc72bb7e_1
  - r-gtools=3.9.5=r44h54b55ab_2
  - r-hdf5r=1.3.16=r44h91b844e_0
  - r-here=1.0.2=r44hc72bb7e_0
  - r-hexbin=1.28.6=r44heaba542_0
  - r-highr=0.12=r44hc72bb7e_0
  - r-hms=1.1.4=r44hc72bb7e_0
  - r-htmltools=0.5.9=r44h3697838_0
  - r-htmlwidgets=1.6.4=r44h785f33e_4
  - r-httpuv=1.6.17=r44h6d565e7_0
  - r-httr=1.4.9=r44hacb3a79_0
  - r-ica=1.0_3=r44hc72bb7e_4
  - r-igraph=2.3.3=r44hf411e2a_0
  - r-interp=1.1_6=r44ha36cffa_3
  - r-irlba=2.3.7=r44h0e4624f_0
  - r-isoband=0.3.0=r44h3697838_0
  - r-iterators=1.0.14=r44hc72bb7e_4
  - r-jpeg=0.1_11=r44hd0206f1_1
  - r-jquerylib=0.1.4=r44hc72bb7e_4
  - r-jsonlite=2.0.0=r44h54b55ab_1
  - r-kernsmooth=2.23_27=r44hf1ecf5c_0
  - r-knitr=1.52=r44hacb3a79_0
  - r-labeling=0.4.3=r44hc72bb7e_2
  - r-lambda.r=1.2.4=r44hc72bb7e_5
  - r-later=1.4.8=r44h3697838_0
  - r-lattice=0.23_1=r44hddc5280_0
  - r-latticeextra=0.6_31=r44hc72bb7e_0
  - r-lazyeval=0.2.3=r44h54b55ab_0
  - r-leidenbase=0.1.36=r44ha11a66c_0
  - r-lifecycle=1.0.5=r44hc72bb7e_0
  - r-listenv=1.0.0=r44hc72bb7e_0
  - r-lme4=2.0_6=r44h3697838_0
  - r-lmertest=3.2_1=r44hc72bb7e_0
  - r-lmtest=0.9_40=r44heaba542_4
  - r-magrittr=2.0.5=r44h54b55ab_0
  - r-mass=7.3_66=r44h54b55ab_0
  - r-mathjaxr=2.0_0=r44hc72bb7e_0
  - r-matrix=1.7_5=r44h0e4624f_0
  - r-matrixstats=1.5.0=r44h54b55ab_1
  - r-memoise=2.0.1=r44hc72bb7e_4
  - r-metadat=1.6_0=r44hc72bb7e_0
  - r-metafor=5.0_1=r44hc72bb7e_0
  - r-mgcv=1.9_4=r44h0e4624f_0
  - r-mime=0.13=r44h54b55ab_1
  - r-miniui=0.1.2=r44hc72bb7e_1
  - r-minqa=1.2.8=r44ha36cffa_2
  - r-munsell=0.5.1=r44hc72bb7e_2
  - r-nlme=3.1_170=r44heaba542_0
  - r-nloptr=2.2.1=r44h4d0e4a9_2
  - r-numderiv=2016.8_1.1=r44hc72bb7e_7
  - r-openssl=2.4.2=r44h68c19f5_0
  - r-otel=0.2.0=r44hc72bb7e_1
  - r-parallelly=1.48.0=r44h54b55ab_0
  - r-patchwork=1.3.2=r44hc72bb7e_1
  - r-pbapply=1.7_4=r44hc72bb7e_1
  - r-permute=0.9_10=r44hc72bb7e_0
  - r-phylobase=0.8.12=r44h3697838_2
  - r-pillar=1.11.1=r44hc72bb7e_0
  - r-pixmap=0.4_14=r44hc72bb7e_1
  - r-pkgconfig=2.0.3=r44hc72bb7e_5
  - r-plotly=4.12.1=r44hc72bb7e_0
  - r-plyr=1.8.9=r44h3697838_3
  - r-png=0.1_9=r44haf2892b_0
  - r-polyclip=1.10_7=r44h3697838_1
  - r-ppcor=1.1=r44ha770c72_1007
  - r-prettyunits=1.2.0=r44hc72bb7e_2
  - r-progress=1.2.3=r44hc72bb7e_2
  - r-progressr=1.0.0=r44hc72bb7e_0
  - r-promises=1.5.0=r44hc72bb7e_1
  - r-proxy=0.4_29=r44h54b55ab_0
  - r-purrr=1.2.2=r44h54b55ab_0
  - r-r.methodss3=1.8.2=r44hc72bb7e_4
  - r-r.oo=1.27.1=r44hc72bb7e_1
  - r-r.utils=2.13.0=r44hc72bb7e_1
  - r-r6=2.6.1=r44hc72bb7e_1
  - r-rann=2.6.2=r44h3697838_2
  - r-rappdirs=0.3.4=r44h54b55ab_0
  - r-rbibutils=2.4.1=r44h54b55ab_1
  - r-rcolorbrewer=1.1_3=r44h785f33e_4
  - r-rcpp=1.1.2=r44h3697838_0
  - r-rcppannoy=0.0.23=r44h3697838_0
  - r-rcpparmadillo=15.6.0_1=r44h1fcd065_0
  - r-rcppeigen=0.3.4.0.2=r44h3704496_1
  - r-rcpphnsw=0.7.0=r44h3697838_0
  - r-rcppprogress=0.4.2=r44hc72bb7e_5
  - r-rcpptoml=0.2.3=r44h3697838_1
  - r-rdpack=2.6.6=r44hc72bb7e_0
  - r-reformulas=0.4.4=r44hc72bb7e_0
  - r-reshape2=1.4.5=r44h3697838_0
  - r-reticulate=1.47.0=r44hfa9885e_0
  - r-rjson=0.2.23=r44h3697838_1
  - r-rlang=1.3.0=r44h3697838_0
  - r-rmarkdown=2.32=r44hacb3a79_0
  - r-rncl=0.8.10=r44h3697838_0
  - r-rnexml=2.4.11=r44hc72bb7e_3
  - r-rocr=1.0_12=r44hc72bb7e_0
  - r-rprojroot=2.1.1=r44hc72bb7e_1
  - r-rspectra=0.16_2=r44h3704496_2
  - r-rtsne=0.17=r44hf1899b2_3
  - r-s2=1.1.11=r44h5d9d259_1
  - r-s7=0.2.2=r44h54b55ab_0
  - r-sass=0.4.10=r44h3697838_1
  - r-scales=1.4.0=r44hc72bb7e_1
  - r-scattermore=1.2=r44h3697838_5
  - r-sctransform=0.4.3=r44h3704496_0
  - r-segmented=2.2_2=r44hacb3a79_0
  - r-seqinr=4.2_44=r44h1c8cec4_0
  - r-seurat=5.5.1=r44h3697838_0
  - r-seuratobject=5.4.0=r44h3697838_0
  - r-sf=1.1_3=r44h462bba3_1
  - r-shape=1.4.6.1=r44ha770c72_2
  - r-shiny=1.14.0=r44h785f33e_0
  - r-sitmo=2.0.2=r44h3697838_4
  - r-snow=0.4_4=r44hc72bb7e_4
  - r-sourcetools=0.1.7_2=r44h3697838_0
  - r-sp=2.2_3=r44h54b55ab_0
  - r-spam=2.11_4=r44h2ddecb4_0
  - r-spatialpack=0.4_1=r44heaba542_1
  - r-spatstat.data=3.1_9=r44hc72bb7e_0
  - r-spatstat.explore=3.8_2=r44h54b55ab_0
  - r-spatstat.geom=3.8_2=r44h54b55ab_0
  - r-spatstat.random=3.5_1=r44h3697838_0
  - r-spatstat.sparse=3.2_0=r44h54b55ab_0
  - r-spatstat.univar=3.2_0=r44h54b55ab_0
  - r-spatstat.utils=3.2_5=r44hddc5280_0
  - r-spdata=2.3.5=r44hc72bb7e_0
  - r-spdep=1.4_2=r44h54b55ab_0
  - r-stringi=1.8.9=r44h3d52c89_0
  - r-stringr=1.6.0=r44h785f33e_0
  - r-survival=3.8_12=r44hddc5280_0
  - r-sys=3.4.3=r44h54b55ab_1
  - r-tensor=1.5.1=r44hc72bb7e_1
  - r-tibble=3.3.1=r44h54b55ab_0
  - r-tidyr=1.3.2=r44h3697838_0
  - r-tidyselect=1.2.1=r44hc72bb7e_2
  - r-tinytex=0.60=r44hc72bb7e_0
  - r-units=1.0_1=r44h3697838_0
  - r-utf8=1.2.6=r44h54b55ab_1
  - r-uuid=1.2_2=r44h54b55ab_0
  - r-uwot=0.2.5=r44hfa9885e_0
  - r-vctrs=0.7.3=r44h3697838_0
  - r-vegan=2.7_5=r44h11cdb10_0
  - r-viridis=0.6.5=r44hc72bb7e_2
  - r-viridislite=0.4.3=r44hc72bb7e_0
  - r-withr=3.0.3=r44hc72bb7e_0
  - r-wk=0.9.5=r44h3697838_0
  - r-xfun=0.60=r44h54b55ab_0
  - r-xml=3.99_0.23=r44hf705907_0
  - r-xml2=1.6.0=r44he78afff_0
  - r-xtable=1.8_8=r44hc72bb7e_0
  - r-yaml=2.3.12=r44h54b55ab_0
  - r-zoo=1.9_0=r44h54b55ab_0
  - readline=8.3=hd6e31c0_1
  - s2n=1.7.6=h7e3ee7f_0
  - sed=4.10=h19d0853_0
  - snappy=1.2.2=h34e00bb_2
  - sqlite=3.53.4=h9ffa6c4_1
  - sysroot_linux-64=2.39=hc4b9eeb_6
  - tk=8.6.13=noxft_h1df4ec4_4
  - tktable=2.10=h0eb2ad0_11
  - tomlkit=0.15.1=pyhcf101f3_0
  - tzdata=2026c=h151e31d_0
  - uriparser=0.9.8=hac33072_0
  - xerces-c=3.3.0=h78fed68_2
  - xmltodict=1.0.4=pyhcf101f3_0
  - xorg-libice=1.1.2=h280c20c_0
  - xorg-libsm=1.2.6=h0d788c3_1
  - xorg-libx11=1.8.13=he1eb515_1
  - xorg-libxau=1.0.12=h7cc23a3_2
  - xorg-libxdmcp=1.1.5=h7cc23a3_2
  - xorg-libxext=1.3.7=h7cc23a3_1
  - xorg-libxrender=0.9.12=hb03c661_1
  - xorg-libxt=1.3.1=h7cc23a3_1
  - yaml=0.2.5=hebe6cf0_3
  - yq=4.2.0=pyh5ded981_0
  - zlib=1.3.2=h25fd6f3_3
  - zstd=1.5.7=hb78ec9c_7

prefix: "/opt/mm/envs/c1b"
